
Microsoft Visual Studio Solution File, Format Version 12.00
# Visual Studio Version 17
VisualStudioVersion = 17.5.002.0
MinimumVisualStudioVersion = 10.0.40219.1
Project("{FAE04EC0-301F-11D3-BF4B-00C04F79EFBC}") = "LightManager.Application", "LightManager.Application\LightManager.Application.csproj", "{75AE13E6-20E8-409B-ACA9-4E92A0947D55}"
EndProject
Project("{FAE04EC0-301F-11D3-BF4B-00C04F79EFBC}") = "LightManager.Infrastructure", "LightManager.Infrastructure\LightManager.Infrastructure.csproj", "{97DD60EA-8DB7-40F0-8003-97FA18EFD75D}"
EndProject
Project("{FAE04EC0-301F-11D3-BF4B-00C04F79EFBC}") = "LightManager.Domain", "LightManager.Domain\LightManager.Domain.csproj", "{F74245A7-CB29-4C3E-B68D-B16C4507247C}"
EndProject
Project("{FAE04EC0-301F-11D3-BF4B-00C04F79EFBC}") = "LightManager.Persistence", "LightManager.Persistence\LightManager.Persistence.csproj", "{BFC14ABF-4630-40E5-8B43-CB7F0487C65A}"
EndProject
Project("{FAE04EC0-301F-11D3-BF4B-00C04F79EFBC}") = "LightManager.AppHost", "LightManager.AppHost\LightManager.AppHost.csproj", "{D12FB69F-4872-4DB1-99C8-051E120DD193}"
EndProject
Project("{FAE04EC0-301F-11D3-BF4B-00C04F79EFBC}") = "LightManager.ServiceDefaults", "LightManager.ServiceDefaults\LightManager.ServiceDefaults.csproj", "{C3BD691E-449C-42B6-837E-60EAF2ADEE01}"
EndProject
Project("{FAE04EC0-301F-11D3-BF4B-00C04F79EFBC}") = "LightManager.Persistence.MigrationService", "LightManager.Persistence.MigrationService\LightManager.Persistence.MigrationService.csproj", "{44370628-E29E-4A07-AC1B-D624348A437B}"
EndProject
Project("{FAE04EC0-301F-11D3-BF4B-00C04F79EFBC}") = "HomeAuto.UI", "HomeAuto.UI\HomeAuto.UI.csproj", "{DF7C2A48-EED8-40E2-A155-F7BEF45B62BB}"
EndProject
Project("{FAE04EC0-301F-11D3-BF4B-00C04F79EFBC}") = "LightManager.PanelUi", "LightManager.PanelUi\LightManager.PanelUi.csproj", "{7ACDC6DC-AD66-47E2-A84D-22ADE87F8EEA}"
EndProject
Global
	GlobalSection(SolutionConfigurationPlatforms) = preSolution
		Debug|Any CPU = Debug|Any CPU
		Release|Any CPU = Release|Any CPU
	EndGlobalSection
	GlobalSection(ProjectConfigurationPlatforms) = postSolution
		{75AE13E6-20E8-409B-ACA9-4E92A0947D55}.Debug|Any CPU.ActiveCfg = Debug|Any CPU
		{75AE13E6-20E8-409B-ACA9-4E92A0947D55}.Debug|Any CPU.Build.0 = Debug|Any CPU
		{75AE13E6-20E8-409B-ACA9-4E92A0947D55}.Release|Any CPU.ActiveCfg = Release|Any CPU
		{75AE13E6-20E8-409B-ACA9-4E92A0947D55}.Release|Any CPU.Build.0 = Release|Any CPU
		{97DD60EA-8DB7-40F0-8003-97FA18EFD75D}.Debug|Any CPU.ActiveCfg = Debug|Any CPU
		{97DD60EA-8DB7-40F0-8003-97FA18EFD75D}.Debug|Any CPU.Build.0 = Debug|Any CPU
		{97DD60EA-8DB7-40F0-8003-97FA18EFD75D}.Release|Any CPU.ActiveCfg = Release|Any CPU
		{97DD60EA-8DB7-40F0-8003-97FA18EFD75D}.Release|Any CPU.Build.0 = Release|Any CPU
		{F74245A7-CB29-4C3E-B68D-B16C4507247C}.Debug|Any CPU.ActiveCfg = Debug|Any CPU
		{F74245A7-CB29-4C3E-B68D-B16C4507247C}.Debug|Any CPU.Build.0 = Debug|Any CPU
		{F74245A7-CB29-4C3E-B68D-B16C4507247C}.Release|Any CPU.ActiveCfg = Release|Any CPU
		{F74245A7-CB29-4C3E-B68D-B16C4507247C}.Release|Any CPU.Build.0 = Release|Any CPU
		{BFC14ABF-4630-40E5-8B43-CB7F0487C65A}.Debug|Any CPU.ActiveCfg = Debug|Any CPU
		{BFC14ABF-4630-40E5-8B43-CB7F0487C65A}.Debug|Any CPU.Build.0 = Debug|Any CPU
		{BFC14ABF-4630-40E5-8B43-CB7F0487C65A}.Release|Any CPU.ActiveCfg = Release|Any CPU
		{BFC14ABF-4630-40E5-8B43-CB7F0487C65A}.Release|Any CPU.Build.0 = Release|Any CPU
		{D12FB69F-4872-4DB1-99C8-051E120DD193}.Debug|Any CPU.ActiveCfg = Debug|Any CPU
		{D12FB69F-4872-4DB1-99C8-051E120DD193}.Debug|Any CPU.Build.0 = Debug|Any CPU
		{D12FB69F-4872-4DB1-99C8-051E120DD193}.Release|Any CPU.ActiveCfg = Release|Any CPU
		{D12FB69F-4872-4DB1-99C8-051E120DD193}.Release|Any CPU.Build.0 = Release|Any CPU
		{C3BD691E-449C-42B6-837E-60EAF2ADEE01}.Debug|Any CPU.ActiveCfg = Debug|Any CPU
		{C3BD691E-449C-42B6-837E-60EAF2ADEE01}.Debug|Any CPU.Build.0 = Debug|Any CPU
		{C3BD691E-449C-42B6-837E-60EAF2ADEE01}.Release|Any CPU.ActiveCfg = Release|Any CPU
		{C3BD691E-449C-42B6-837E-60EAF2ADEE01}.Release|Any CPU.Build.0 = Release|Any CPU
		{44370628-E29E-4A07-AC1B-D624348A437B}.Debug|Any CPU.ActiveCfg = Debug|Any CPU
		{44370628-E29E-4A07-AC1B-D624348A437B}.Debug|Any CPU.Build.0 = Debug|Any CPU
		{44370628-E29E-4A07-AC1B-D624348A437B}.Release|Any CPU.ActiveCfg = Release|Any CPU
		{44370628-E29E-4A07-AC1B-D624348A437B}.Release|Any CPU.Build.0 = Release|Any CPU
		{DF7C2A48-EED8-40E2-A155-F7BEF45B62BB}.Debug|Any CPU.ActiveCfg = Debug|Any CPU
		{DF7C2A48-EED8-40E2-A155-F7BEF45B62BB}.Debug|Any CPU.Build.0 = Debug|Any CPU
		{DF7C2A48-EED8-40E2-A155-F7BEF45B62BB}.Release|Any CPU.ActiveCfg = Release|Any CPU
		{DF7C2A48-EED8-40E2-A155-F7BEF45B62BB}.Release|Any CPU.Build.0 = Release|Any CPU
		{7ACDC6DC-AD66-47E2-A84D-22ADE87F8EEA}.Debug|Any CPU.ActiveCfg = Debug|Any CPU
		{7ACDC6DC-AD66-47E2-A84D-22ADE87F8EEA}.Debug|Any CPU.Build.0 = Debug|Any CPU
		{7ACDC6DC-AD66-47E2-A84D-22ADE87F8EEA}.Release|Any CPU.ActiveCfg = Release|Any CPU
		{7ACDC6DC-AD66-47E2-A84D-22ADE87F8EEA}.Release|Any CPU.Build.0 = Release|Any CPU
	EndGlobalSection
	GlobalSection(SolutionProperties) = preSolution
		HideSolutionNode = FALSE
	EndGlobalSection
	GlobalSection(ExtensibilityGlobals) = postSolution
		SolutionGuid = {1220AE6E-CA5E-40AF-866C-FB54DD2ECAAA}
	EndGlobalSection
EndGlobal
